
Microsoft Visual Studio Solution File, Format Version 12.00
# Visual Studio 15
Project("{FAE04EC0-301F-11D3-BF4B-00C04F79EFBC}") = "TradingBlockAPIHomeWork", "TradingBlockAPIHomeWork\TradingBlockAPIHomeWork.csproj", "{FDC0366A-AB1F-43AD-BE33-2F28A7E331CD}"
EndProject
Global
	GlobalSection(SolutionConfigurationPlatforms) = preSolution
		Debug|Any CPU = Debug|Any CPU
		Release|Any CPU = Release|Any CPU
	EndGlobalSection
	GlobalSection(ProjectConfigurationPlatforms) = postSolution
		{FDC0366A-AB1F-43AD-BE33-2F28A7E331CD}.Debug|Any CPU.ActiveCfg = Debug|Any CPU
		{FDC0366A-AB1F-43AD-BE33-2F28A7E331CD}.Debug|Any CPU.Build.0 = Debug|Any CPU
		{FDC0366A-AB1F-43AD-BE33-2F28A7E331CD}.Release|Any CPU.ActiveCfg = Release|Any CPU
		{FDC0366A-AB1F-43AD-BE33-2F28A7E331CD}.Release|Any CPU.Build.0 = Release|Any CPU
	EndGlobalSection
EndGlobal
